# This file was autogenerated by Stack.
# You should not edit this file by hand.
# For more information, please see the documentation at:
#   https://docs.haskellstack.org/en/stable/lock_files

packages:
- completed:
    hackage: telegram-bot-simple-0.3.5@sha256:c325cd48830a38115418ca5e275ff6a713dc63689239a58f1b13bb44dc1d3a76,3601
    pantry-tree:
      size: 1835
      sha256: 548c452cdb0d131cfba0569204fa85753362dc3baaa3e2e96842f3c3a8871c99
  original:
    hackage: telegram-bot-simple-0.3.5@sha256:c325cd48830a38115418ca5e275ff6a713dc63689239a58f1b13bb44dc1d3a76,3601
snapshots:
- completed:
    size: 565720
    url: https://raw.githubusercontent.com/commercialhaskell/stackage-snapshots/master/lts/17/8.yaml
    sha256: 76bf8992ff8dfe6eda9c02f81866138c2369344d5011ab39ae403457c4448b03
  original:
    url: https://raw.githubusercontent.com/commercialhaskell/stackage-snapshots/master/lts/17/8.yaml
